// !$*UTF8*$!
{
	archiveVersion = 1;
	classes = {
	};
	objectVersion = 46;
	objects = {

/* Begin PBXBuildFile section */
		348230A21D52838D005D5B5B /* AppDelegate.swift in Sources */ = {isa = PBXBuildFile; fileRef = 348230A11D52838D005D5B5B /* AppDelegate.swift */; };
		348230A41D52838D005D5B5B /* ViewController.swift in Sources */ = {isa = PBXBuildFile; fileRef = 348230A31D52838D005D5B5B /* ViewController.swift */; };
		348230A71D52838D005D5B5B /* Main.storyboard in Resources */ = {isa = PBXBuildFile; fileRef = 348230A51D52838D005D5B5B /* Main.storyboard */; };
		348230A91D52838D005D5B5B /* Assets.xcassets in Resources */ = {isa = PBXBuildFile; fileRef = 348230A81D52838D005D5B5B /* Assets.xcassets */; };
		348230AC1D52838D005D5B5B /* LaunchScreen.storyboard in Resources */ = {isa = PBXBuildFile; fileRef = 348230AA1D52838D005D5B5B /* LaunchScreen.storyboard */; };
		348230B71D52838D005D5B5B /* FoodTrackerTests.swift in Sources */ = {isa = PBXBuildFile; fileRef = 348230B61D52838D005D5B5B /* FoodTrackerTests.swift */; };
/* End PBXBuildFile section */

/* Begin PBXContainerItemProxy section */
		348230B31D52838D005D5B5B /* PBXContainerItemProxy */ = {
			isa = PBXContainerItemProxy;
			containerPortal = 348230961D52838D005D5B5B /* Project object */;
			proxyType = 1;
			remoteGlobalIDString = 3482309D1D52838D005D5B5B;
			remoteInfo = FoodTracker;
		};
/* End PBXContainerItemProxy section */

/* Begin PBXFileReference section */
		3482309E1D52838D005D5B5B /* FoodTracker.app */ = {isa = PBXFileReference; explicitFileType = wrapper.application; includeInIndex = 0; path = FoodTracker.app; sourceTree = BUILT_PRODUCTS_DIR; };
		348230A11D52838D005D5B5B /* AppDelegate.swift */ = {isa = PBXFileReference; lastKnownFileType = sourcecode.swift; path = AppDelegate.swift; sourceTree = "<group>"; };
		348230A31D52838D005D5B5B /* ViewController.swift */ = {isa = PBXFileReference; lastKnownFileType = sourcecode.swift; path = ViewController.swift; sourceTree = "<group>"; };
		348230A61D52838D005D5B5B /* Base */ = {isa = PBXFileReference; lastKnownFileType = file.storyboard; name = Base; path = Base.lproj/Main.storyboard; sourceTree = "<group>"; };
		348230A81D52838D005D5B5B /* Assets.xcassets */ = {isa = PBXFileReference; lastKnownFileType = folder.assetcatalog; path = Assets.xcassets; sourceTree = "<group>"; };
		348230AB1D52838D005D5B5B /* Base */ = {isa = PBXFileReference; lastKnownFileType = file.storyboard; name = Base; path = Base.lproj/LaunchScreen.storyboard; sourceTree = "<group>"; };
		348230AD1D52838D005D5B5B /* Info.plist */ = {isa = PBXFileReference; lastKnownFileType = text.plist.xml; path = Info.plist; sourceTree = "<group>"; };
		348230B21D52838D005D5B5B /* FoodTrackerTests.xctest */ = {isa = PBXFileReference; explicitFileType = wrapper.cfbundle; includeInIndex = 0; path = FoodTrackerTests.xctest; sourceTree = BUILT_PRODUCTS_DIR; };
		348230B61D52838D005D5B5B /* FoodTrackerTests.swift */ = {isa = PBXFileReference; lastKnownFileType = sourcecode.swift; path = FoodTrackerTests.swift; sourceTree = "<group>"; };
		348230B81D52838D005D5B5B /* Info.plist */ = {isa = PBXFileReference; lastKnownFileType = text.plist.xml; path = Info.plist; sourceTree = "<group>"; };
/* End PBXFileReference section */

/* Begin PBXFrameworksBuildPhase section */
		3482309B1D52838D005D5B5B /* Frameworks */ = {
			isa = PBXFrameworksBuildPhase;
			buildActionMask = 2147483647;
			files = (
			);
			runOnlyForDeploymentPostprocessing = 0;
		};
		348230AF1D52838D005D5B5B /* Frameworks */ = {
			isa = PBXFrameworksBuildPhase;
			buildActionMask = 2147483647;
			files = (
			);
			runOnlyForDeploymentPostprocessing = 0;
		};
/* End PBXFrameworksBuildPhase section */

/* Begin PBXGroup section */
		348230951D52838D005D5B5B = {
			isa = PBXGroup;
			children = (
				348230A01D52838D005D5B5B /* FoodTracker */,
				348230B51D52838D005D5B5B /* FoodTrackerTests */,
				3482309F1D52838D005D5B5B /* Products */,
			);
			sourceTree = "<group>";
		};
		3482309F1D52838D005D5B5B /* Products */ = {
			isa = PBXGroup;
			children = (
				3482309E1D52838D005D5B5B /* FoodTracker.app */,
				348230B21D52838D005D5B5B /* FoodTrackerTests.xctest */,
			);
			name = Products;
			sourceTree = "<group>";
		};
		348230A01D52838D005D5B5B /* FoodTracker */ = {
			isa = PBXGroup;
			children = (
				348230A11D52838D005D5B5B /* AppDelegate.swift */,
				348230A31D52838D005D5B5B /* ViewController.swift */,
				348230A51D52838D005D5B5B /* Main.storyboard */,
				348230A81D52838D005D5B5B /* Assets.xcassets */,
				348230AA1D52838D005D5B5B /* LaunchScreen.storyboard */,
				348230AD1D52838D005D5B5B /* Info.plist */,
			);
			path = FoodTracker;
			sourceTree = "<group>";
		};
		348230B51D52838D005D5B5B /* FoodTrackerTests */ = {
			isa = PBXGroup;
			children = (
				348230B61D52838D005D5B5B /* FoodTrackerTests.swift */,
				348230B81D52838D005D5B5B /* Info.plist */,
			);
			path = FoodTrackerTests;
			sourceTree = "<group>";
		};
/* End PBXGroup section */

/* Begin PBXNativeTarget section */
		3482309D1D52838D005D5B5B /* FoodTracker */ = {
			isa = PBXNativeTarget;
			buildConfigurationList = 348230BB1D52838D005D5B5B /* Build configuration list for PBXNativeTarget "FoodTracker" */;
			buildPhases = (
				3482309A1D52838D005D5B5B /* Sources */,
				3482309B1D52838D005D5B5B /* Frameworks */,
				3482309C1D52838D005D5B5B /* Resources */,
			);
			buildRules = (
			);
			dependencies = (
			);
			name = FoodTracker;
			productName = FoodTracker;
			productReference = 3482309E1D52838D005D5B5B /* FoodTracker.app */;
			productType = "com.apple.product-type.application";
		};
		348230B11D52838D005D5B5B /* FoodTrackerTests */ = {
			isa = PBXNativeTarget;
			buildConfigurationList = 348230BE1D52838D005D5B5B /* Build configuration list for PBXNativeTarget "FoodTrackerTests" */;
			buildPhases = (
				348230AE1D52838D005D5B5B /* Sources */,
				348230AF1D52838D005D5B5B /* Frameworks */,
				348230B01D52838D005D5B5B /* Resources */,
			);
			buildRules = (
			);
			dependencies = (
				348230B41D52838D005D5B5B /* PBXTargetDependency */,
			);
			name = FoodTrackerTests;
			productName = FoodTrackerTests;
			productReference = 348230B21D52838D005D5B5B /* FoodTrackerTests.xctest */;
			productType = "com.apple.product-type.bundle.unit-test";
		};
/* End PBXNativeTarget section */

/* Begin PBXProject section */
		348230961D52838D005D5B5B /* Project object */ = {
			isa = PBXProject;
			attributes = {
				LastSwiftUpdateCheck = 0730;
				LastUpgradeCheck = 0730;
				ORGANIZATIONNAME = Elena;
				TargetAttributes = {
					3482309D1D52838D005D5B5B = {
						CreatedOnToolsVersion = 7.3.1;
						DevelopmentTeam = M6Q7EY94PU;
					};
					348230B11D52838D005D5B5B = {
						CreatedOnToolsVersion = 7.3.1;
						DevelopmentTeam = M6Q7EY94PU;
						TestTargetID = 3482309D1D52838D005D5B5B;
					};
				};
			};
			buildConfigurationList = 348230991D52838D005D5B5B /* Build configuration list for PBXProject "FoodTracker" */;
			compatibilityVersion = "Xcode 3.2";
			developmentRegion = English;
			hasScannedForEncodings = 0;
			knownRegions = (
				en,
				Base,
			);
			mainGroup = 348230951D52838D005D5B5B;
			productRefGroup = 3482309F1D52838D005D5B5B /* Products */;
			projectDirPath = "";
			projectRoot = "";
			targets = (
				3482309D1D52838D005D5B5B /* FoodTracker */,
				348230B11D52838D005D5B5B /* FoodTrackerTests */,
			);
		};
/* End PBXProject section */

/* Begin PBXResourcesBuildPhase section */
		3482309C1D52838D005D5B5B /* Resources */ = {
			isa = PBXResourcesBuildPhase;
			buildActionMask = 2147483647;
			files = (
				348230AC1D52838D005D5B5B /* LaunchScreen.storyboard in Resources */,
				348230A91D52838D005D5B5B /* Assets.xcassets in Resources */,
				348230A71D52838D005D5B5B /* Main.storyboard in Resources */,
			);
			runOnlyForDeploymentPostprocessing = 0;
		};
		348230B01D52838D005D5B5B /* Resources */ = {
			isa = PBXResourcesBuildPhase;
			buildActionMask = 2147483647;
			files = (
			);
			runOnlyForDeploymentPostprocessing = 0;
		};
/* End PBXResourcesBuildPhase section */

/* Begin PBXSourcesBuildPhase section */
		3482309A1D52838D005D5B5B /* Sources */ = {
			isa = PBXSourcesBuildPhase;
			buildActionMask = 2147483647;
			files = (
				348230A41D52838D005D5B5B /* ViewController.swift in Sources */,
				348230A21D52838D005D5B5B /* AppDelegate.swift in Sources */,
			);
			runOnlyForDeploymentPostprocessing = 0;
		};
		348230AE1D52838D005D5B5B /* Sources */ = {
			isa = PBXSourcesBuildPhase;
			buildActionMask = 2147483647;
			files = (
				348230B71D52838D005D5B5B /* FoodTrackerTests.swift in Sources */,
			);
			runOnlyForDeploymentPostprocessing = 0;
		};
/* End PBXSourcesBuildPhase section */

/* Begin PBXTargetDependency section */
		348230B41D52838D005D5B5B /* PBXTargetDependency */ = {
			isa = PBXTargetDependency;
			target = 3482309D1D52838D005D5B5B /* FoodTracker */;
			targetProxy = 348230B31D52838D005D5B5B /* PBXContainerItemProxy */;
		};
/* End PBXTargetDependency section */

/* Begin PBXVariantGroup section */
		348230A51D52838D005D5B5B /* Main.storyboard */ = {
			isa = PBXVariantGroup;
			children = (
				348230A61D52838D005D5B5B /* Base */,
			);
			name = Main.storyboard;
			sourceTree = "<group>";
		};
		348230AA1D52838D005D5B5B /* LaunchScreen.storyboard */ = {
			isa = PBXVariantGroup;
			children = (
				348230AB1D52838D005D5B5B /* Base */,
			);
			name = LaunchScreen.storyboard;
			sourceTree = "<group>";
		};
/* End PBXVariantGroup section */

/* Begin XCBuildConfiguration section */
		348230B91D52838D005D5B5B /* Debug */ = {
			isa = XCBuildConfiguration;
			buildSettings = {
				ALWAYS_SEARCH_USER_PATHS = NO;
				CLANG_ANALYZER_NONNULL = YES;
				CLANG_CXX_LANGUAGE_STANDARD = "gnu++0x";
				CLANG_CXX_LIBRARY = "libc++";
				CLANG_ENABLE_MODULES = YES;
				CLANG_ENABLE_OBJC_ARC = YES;
				CLANG_WARN_BOOL_CONVERSION = YES;
				CLANG_WARN_CONSTANT_CONVERSION = YES;
				CLANG_WARN_DIRECT_OBJC_ISA_USAGE = YES_ERROR;
				CLANG_WARN_EMPTY_BODY = YES;
				CLANG_WARN_ENUM_CONVERSION = YES;
				CLANG_WARN_INT_CONVERSION = YES;
				CLANG_WARN_OBJC_ROOT_CLASS = YES_ERROR;
				CLANG_WARN_UNREACHABLE_CODE = YES;
				CLANG_WARN__DUPLICATE_METHOD_MATCH = YES;
				"CODE_SIGN_IDENTITY[sdk=iphoneos*]" = "iPhone Developer";
				COPY_PHASE_STRIP = NO;
				DEBUG_INFORMATION_FORMAT = dwarf;
				ENABLE_STRICT_OBJC_MSGSEND = YES;
				ENABLE_TESTABILITY = YES;
				GCC_C_LANGUAGE_STANDARD = gnu99;
				GCC_DYNAMIC_NO_PIC = NO;
				GCC_NO_COMMON_BLOCKS = YES;
				GCC_OPTIMIZATION_LEVEL = 0;
				GCC_PREPROCESSOR_DEFINITIONS = (
					"DEBUG=1",
					"$(inherited)",
				);
				GCC_WARN_64_TO_32_BIT_CONVERSION = YES;
				GCC_WARN_ABOUT_RETURN_TYPE = YES_ERROR;
				GCC_WARN_UNDECLARED_SELECTOR = YES;
				GCC_WARN_UNINITIALIZED_AUTOS = YES_AGGRESSIVE;
				GCC_WARN_UNUSED_FUNCTION = YES;
				GCC_WARN_UNUSED_VARIABLE = YES;
				IPHONEOS_DEPLOYMENT_TARGET = 9.3;
				MTL_ENABLE_DEBUG_INFO = YES;
				ONLY_ACTIVE_ARCH = YES;
				SDKROOT = iphoneos;
				SWIFT_OPTIMIZATION_LEVEL = "-Onone";
				TARGETED_DEVICE_FAMILY = "1,2";
			};
			name = Debug;
		};
		348230BA1D52838D005D5B5B /* Release */ = {
			isa = XCBuildConfiguration;
			buildSettings = {
				ALWAYS_SEARCH_USER_PATHS = NO;
				CLANG_ANALYZER_NONNULL = YES;
				CLANG_CXX_LANGUAGE_STANDARD = "gnu++0x";
				CLANG_CXX_LIBRARY = "libc++";
				CLANG_ENABLE_MODULES = YES;
				CLANG_ENABLE_OBJC_ARC = YES;
				CLANG_WARN_BOOL_CONVERSION = YES;
				CLANG_WARN_CONSTANT_CONVERSION = YES;
				CLANG_WARN_DIRECT_OBJC_ISA_USAGE = YES_ERROR;
				CLANG_WARN_EMPTY_BODY = YES;
				CLANG_WARN_ENUM_CONVERSION = YES;
				CLANG_WARN_INT_CONVERSION = YES;
				CLANG_WARN_OBJC_ROOT_CLASS = YES_ERROR;
				CLANG_WARN_UNREACHABLE_CODE = YES;
				CLANG_WARN__DUPLICATE_METHOD_MATCH = YES;
				"CODE_SIGN_IDENTITY[sdk=iphoneos*]" = "iPhone Developer";
				COPY_PHASE_STRIP = NO;
				DEBUG_INFORMATION_FORMAT = "dwarf-with-dsym";
				ENABLE_NS_ASSERTIONS = NO;
				ENABLE_STRICT_OBJC_MSGSEND = YES;
				GCC_C_LANGUAGE_STANDARD = gnu99;
				GCC_NO_COMMON_BLOCKS = YES;
				GCC_WARN_64_TO_32_BIT_CONVERSION = YES;
				GCC_WARN_ABOUT_RETURN_TYPE = YES_ERROR;
				GCC_WARN_UNDECLARED_SELECTOR = YES;
				GCC_WARN_UNINITIALIZED_AUTOS = YES_AGGRESSIVE;
				GCC_WARN_UNUSED_FUNCTION = YES;
				GCC_WARN_UNUSED_VARIABLE = YES;
				IPHONEOS_DEPLOYMENT_TARGET = 9.3;
				MTL_ENABLE_DEBUG_INFO = NO;
				SDKROOT = iphoneos;
				TARGETED_DEVICE_FAMILY = "1,2";
				VALIDATE_PRODUCT = YES;
			};
			name = Release;
		};
		348230BC1D52838D005D5B5B /* Debug */ = {
			isa = XCBuildConfiguration;
			buildSettings = {
				ASSETCATALOG_COMPILER_APPICON_NAME = AppIcon;
				INFOPLIST_FILE = FoodTracker/Info.plist;
				LD_RUNPATH_SEARCH_PATHS = "$(inherited) @executable_path/Frameworks";
				PRODUCT_BUNDLE_IDENTIFIER = com.adecco.FoodTracker;
				PRODUCT_NAME = "$(TARGET_NAME)";
			};
			name = Debug;
		};
		348230BD1D52838D005D5B5B /* Release */ = {
			isa = XCBuildConfiguration;
			buildSettings = {
				ASSETCATALOG_COMPILER_APPICON_NAME = AppIcon;
				INFOPLIST_FILE = FoodTracker/Info.plist;
				LD_RUNPATH_SEARCH_PATHS = "$(inherited) @executable_path/Frameworks";
				PRODUCT_BUNDLE_IDENTIFIER = com.adecco.FoodTracker;
				PRODUCT_NAME = "$(TARGET_NAME)";
			};
			name = Release;
		};
		348230BF1D52838D005D5B5B /* Debug */ = {
			isa = XCBuildConfiguration;
			buildSettings = {
				BUNDLE_LOADER = "$(TEST_HOST)";
				INFOPLIST_FILE = FoodTrackerTests/Info.plist;
				LD_RUNPATH_SEARCH_PATHS = "$(inherited) @executable_path/Frameworks @loader_path/Frameworks";
				PRODUCT_BUNDLE_IDENTIFIER = com.adecco.FoodTrackerTests;
				PRODUCT_NAME = "$(TARGET_NAME)";
				TEST_HOST = "$(BUILT_PRODUCTS_DIR)/FoodTracker.app/FoodTracker";
			};
			name = Debug;
		};
		348230C01D52838D005D5B5B /* Release */ = {
			isa = XCBuildConfiguration;
			buildSettings = {
				BUNDLE_LOADER = "$(TEST_HOST)";
				INFOPLIST_FILE = FoodTrackerTests/Info.plist;
				LD_RUNPATH_SEARCH_PATHS = "$(inherited) @executable_path/Frameworks @loader_path/Frameworks";
				PRODUCT_BUNDLE_IDENTIFIER = com.adecco.FoodTrackerTests;
				PRODUCT_NAME = "$(TARGET_NAME)";
				TEST_HOST = "$(BUILT_PRODUCTS_DIR)/FoodTracker.app/FoodTracker";
			};
			name = Release;
		};
/* End XCBuildConfiguration section */

/* Begin XCConfigurationList section */
		348230991D52838D005D5B5B /* Build configuration list for PBXProject "FoodTracker" */ = {
			isa = XCConfigurationList;
			buildConfigurations = (
				348230B91D52838D005D5B5B /* Debug */,
				348230BA1D52838D005D5B5B /* Release */,
			);
			defaultConfigurationIsVisible = 0;
			defaultConfigurationName = Release;
		};
		348230BB1D52838D005D5B5B /* Build configuration list for PBXNativeTarget "FoodTracker" */ = {
			isa = XCConfigurationList;
			buildConfigurations = (
				348230BC1D52838D005D5B5B /* Debug */,
				348230BD1D52838D005D5B5B /* Release */,
			);
			defaultConfigurationIsVisible = 0;
		};
		348230BE1D52838D005D5B5B /* Build configuration list for PBXNativeTarget "FoodTrackerTests" */ = {
			isa = XCConfigurationList;
			buildConfigurations = (
				348230BF1D52838D005D5B5B /* Debug */,
				348230C01D52838D005D5B5B /* Release */,
			);
			defaultConfigurationIsVisible = 0;
		};
/* End XCConfigurationList section */
	};
	rootObject = 348230961D52838D005D5B5B /* Project object */;
}
